
Microsoft Visual Studio Solution File, Format Version 12.00
# Visual Studio 15
VisualStudioVersion = 15.0.26430.12
MinimumVisualStudioVersion = 10.0.40219.1
Project("{2150E333-8FDC-42A3-9474-1A3956D46DE8}") = "Solution Items", "Solution Items", "{0385EB39-DC13-4C78-9261-A8043F11B384}"
	ProjectSection(SolutionItems) = preProject
		README.md = README.md
		xbcs.png = xbcs.png
	EndProjectSection
EndProject
Project("{FAE04EC0-301F-11D3-BF4B-00C04F79EFBC}") = "XBee.Core", "XBee.Core\XBee.Core.csproj", "{780A3581-45F7-4AE6-9D43-6922B7E18D13}"
EndProject
Project("{FAE04EC0-301F-11D3-BF4B-00C04F79EFBC}") = "XBee.Universal", "XBee.Universal\XBee.Universal.csproj", "{499B0DB9-85C1-4DD3-9AA8-72F19932567E}"
EndProject
Project("{FAE04EC0-301F-11D3-BF4B-00C04F79EFBC}") = "XBee.Utility", "XBee.Utility\XBee.Utility.csproj", "{7A630AFB-4B5B-43B9-B0AE-F24ADE65A08D}"
EndProject
Project("{FAE04EC0-301F-11D3-BF4B-00C04F79EFBC}") = "XBee.Classic", "XBee.Classic\XBee.Classic.csproj", "{19F6A167-FA2D-4496-A55F-73EF8210421F}"
EndProject
Project("{FAE04EC0-301F-11D3-BF4B-00C04F79EFBC}") = "XBee.Classic.Tester", "XBee.Classic.Tester\XBee.Classic.Tester.csproj", "{71F553DA-0D1B-4FD7-801D-0CA9DEECAF3E}"
EndProject
Global
	GlobalSection(SolutionConfigurationPlatforms) = preSolution
		Debug|Any CPU = Debug|Any CPU
		Debug|ARM = Debug|ARM
		Debug|x64 = Debug|x64
		Debug|x86 = Debug|x86
		Release|Any CPU = Release|Any CPU
		Release|ARM = Release|ARM
		Release|x64 = Release|x64
		Release|x86 = Release|x86
	EndGlobalSection
	GlobalSection(ProjectConfigurationPlatforms) = postSolution
		{780A3581-45F7-4AE6-9D43-6922B7E18D13}.Debug|Any CPU.ActiveCfg = Debug|Any CPU
		{780A3581-45F7-4AE6-9D43-6922B7E18D13}.Debug|Any CPU.Build.0 = Debug|Any CPU
		{780A3581-45F7-4AE6-9D43-6922B7E18D13}.Debug|ARM.ActiveCfg = Debug|Any CPU
		{780A3581-45F7-4AE6-9D43-6922B7E18D13}.Debug|ARM.Build.0 = Debug|Any CPU
		{780A3581-45F7-4AE6-9D43-6922B7E18D13}.Debug|x64.ActiveCfg = Debug|Any CPU
		{780A3581-45F7-4AE6-9D43-6922B7E18D13}.Debug|x64.Build.0 = Debug|Any CPU
		{780A3581-45F7-4AE6-9D43-6922B7E18D13}.Debug|x86.ActiveCfg = Debug|Any CPU
		{780A3581-45F7-4AE6-9D43-6922B7E18D13}.Debug|x86.Build.0 = Debug|Any CPU
		{780A3581-45F7-4AE6-9D43-6922B7E18D13}.Release|Any CPU.ActiveCfg = Release|Any CPU
		{780A3581-45F7-4AE6-9D43-6922B7E18D13}.Release|Any CPU.Build.0 = Release|Any CPU
		{780A3581-45F7-4AE6-9D43-6922B7E18D13}.Release|ARM.ActiveCfg = Release|Any CPU
		{780A3581-45F7-4AE6-9D43-6922B7E18D13}.Release|ARM.Build.0 = Release|Any CPU
		{780A3581-45F7-4AE6-9D43-6922B7E18D13}.Release|x64.ActiveCfg = Release|Any CPU
		{780A3581-45F7-4AE6-9D43-6922B7E18D13}.Release|x64.Build.0 = Release|Any CPU
		{780A3581-45F7-4AE6-9D43-6922B7E18D13}.Release|x86.ActiveCfg = Release|Any CPU
		{780A3581-45F7-4AE6-9D43-6922B7E18D13}.Release|x86.Build.0 = Release|Any CPU
		{499B0DB9-85C1-4DD3-9AA8-72F19932567E}.Debug|Any CPU.ActiveCfg = Debug|Any CPU
		{499B0DB9-85C1-4DD3-9AA8-72F19932567E}.Debug|Any CPU.Build.0 = Debug|Any CPU
		{499B0DB9-85C1-4DD3-9AA8-72F19932567E}.Debug|ARM.ActiveCfg = Debug|ARM
		{499B0DB9-85C1-4DD3-9AA8-72F19932567E}.Debug|ARM.Build.0 = Debug|ARM
		{499B0DB9-85C1-4DD3-9AA8-72F19932567E}.Debug|x64.ActiveCfg = Debug|x64
		{499B0DB9-85C1-4DD3-9AA8-72F19932567E}.Debug|x64.Build.0 = Debug|x64
		{499B0DB9-85C1-4DD3-9AA8-72F19932567E}.Debug|x86.ActiveCfg = Debug|x86
		{499B0DB9-85C1-4DD3-9AA8-72F19932567E}.Debug|x86.Build.0 = Debug|x86
		{499B0DB9-85C1-4DD3-9AA8-72F19932567E}.Release|Any CPU.ActiveCfg = Release|Any CPU
		{499B0DB9-85C1-4DD3-9AA8-72F19932567E}.Release|Any CPU.Build.0 = Release|Any CPU
		{499B0DB9-85C1-4DD3-9AA8-72F19932567E}.Release|ARM.ActiveCfg = Release|ARM
		{499B0DB9-85C1-4DD3-9AA8-72F19932567E}.Release|ARM.Build.0 = Release|ARM
		{499B0DB9-85C1-4DD3-9AA8-72F19932567E}.Release|x64.ActiveCfg = Release|x64
		{499B0DB9-85C1-4DD3-9AA8-72F19932567E}.Release|x64.Build.0 = Release|x64
		{499B0DB9-85C1-4DD3-9AA8-72F19932567E}.Release|x86.ActiveCfg = Release|x86
		{499B0DB9-85C1-4DD3-9AA8-72F19932567E}.Release|x86.Build.0 = Release|x86
		{7A630AFB-4B5B-43B9-B0AE-F24ADE65A08D}.Debug|Any CPU.ActiveCfg = Debug|x86
		{7A630AFB-4B5B-43B9-B0AE-F24ADE65A08D}.Debug|ARM.ActiveCfg = Debug|ARM
		{7A630AFB-4B5B-43B9-B0AE-F24ADE65A08D}.Debug|ARM.Build.0 = Debug|ARM
		{7A630AFB-4B5B-43B9-B0AE-F24ADE65A08D}.Debug|ARM.Deploy.0 = Debug|ARM
		{7A630AFB-4B5B-43B9-B0AE-F24ADE65A08D}.Debug|x64.ActiveCfg = Debug|x64
		{7A630AFB-4B5B-43B9-B0AE-F24ADE65A08D}.Debug|x64.Build.0 = Debug|x64
		{7A630AFB-4B5B-43B9-B0AE-F24ADE65A08D}.Debug|x64.Deploy.0 = Debug|x64
		{7A630AFB-4B5B-43B9-B0AE-F24ADE65A08D}.Debug|x86.ActiveCfg = Debug|x86
		{7A630AFB-4B5B-43B9-B0AE-F24ADE65A08D}.Debug|x86.Build.0 = Debug|x86
		{7A630AFB-4B5B-43B9-B0AE-F24ADE65A08D}.Debug|x86.Deploy.0 = Debug|x86
		{7A630AFB-4B5B-43B9-B0AE-F24ADE65A08D}.Release|Any CPU.ActiveCfg = Release|x86
		{7A630AFB-4B5B-43B9-B0AE-F24ADE65A08D}.Release|ARM.ActiveCfg = Release|ARM
		{7A630AFB-4B5B-43B9-B0AE-F24ADE65A08D}.Release|ARM.Build.0 = Release|ARM
		{7A630AFB-4B5B-43B9-B0AE-F24ADE65A08D}.Release|ARM.Deploy.0 = Release|ARM
		{7A630AFB-4B5B-43B9-B0AE-F24ADE65A08D}.Release|x64.ActiveCfg = Release|x64
		{7A630AFB-4B5B-43B9-B0AE-F24ADE65A08D}.Release|x64.Build.0 = Release|x64
		{7A630AFB-4B5B-43B9-B0AE-F24ADE65A08D}.Release|x64.Deploy.0 = Release|x64
		{7A630AFB-4B5B-43B9-B0AE-F24ADE65A08D}.Release|x86.ActiveCfg = Release|x86
		{7A630AFB-4B5B-43B9-B0AE-F24ADE65A08D}.Release|x86.Build.0 = Release|x86
		{7A630AFB-4B5B-43B9-B0AE-F24ADE65A08D}.Release|x86.Deploy.0 = Release|x86
		{19F6A167-FA2D-4496-A55F-73EF8210421F}.Debug|Any CPU.ActiveCfg = Debug|Any CPU
		{19F6A167-FA2D-4496-A55F-73EF8210421F}.Debug|Any CPU.Build.0 = Debug|Any CPU
		{19F6A167-FA2D-4496-A55F-73EF8210421F}.Debug|ARM.ActiveCfg = Debug|Any CPU
		{19F6A167-FA2D-4496-A55F-73EF8210421F}.Debug|ARM.Build.0 = Debug|Any CPU
		{19F6A167-FA2D-4496-A55F-73EF8210421F}.Debug|x64.ActiveCfg = Debug|Any CPU
		{19F6A167-FA2D-4496-A55F-73EF8210421F}.Debug|x64.Build.0 = Debug|Any CPU
		{19F6A167-FA2D-4496-A55F-73EF8210421F}.Debug|x86.ActiveCfg = Debug|Any CPU
		{19F6A167-FA2D-4496-A55F-73EF8210421F}.Debug|x86.Build.0 = Debug|Any CPU
		{19F6A167-FA2D-4496-A55F-73EF8210421F}.Release|Any CPU.ActiveCfg = Release|Any CPU
		{19F6A167-FA2D-4496-A55F-73EF8210421F}.Release|Any CPU.Build.0 = Release|Any CPU
		{19F6A167-FA2D-4496-A55F-73EF8210421F}.Release|ARM.ActiveCfg = Release|Any CPU
		{19F6A167-FA2D-4496-A55F-73EF8210421F}.Release|ARM.Build.0 = Release|Any CPU
		{19F6A167-FA2D-4496-A55F-73EF8210421F}.Release|x64.ActiveCfg = Release|Any CPU
		{19F6A167-FA2D-4496-A55F-73EF8210421F}.Release|x64.Build.0 = Release|Any CPU
		{19F6A167-FA2D-4496-A55F-73EF8210421F}.Release|x86.ActiveCfg = Release|Any CPU
		{19F6A167-FA2D-4496-A55F-73EF8210421F}.Release|x86.Build.0 = Release|Any CPU
		{71F553DA-0D1B-4FD7-801D-0CA9DEECAF3E}.Debug|Any CPU.ActiveCfg = Debug|Any CPU
		{71F553DA-0D1B-4FD7-801D-0CA9DEECAF3E}.Debug|Any CPU.Build.0 = Debug|Any CPU
		{71F553DA-0D1B-4FD7-801D-0CA9DEECAF3E}.Debug|ARM.ActiveCfg = Debug|Any CPU
		{71F553DA-0D1B-4FD7-801D-0CA9DEECAF3E}.Debug|ARM.Build.0 = Debug|Any CPU
		{71F553DA-0D1B-4FD7-801D-0CA9DEECAF3E}.Debug|x64.ActiveCfg = Debug|Any CPU
		{71F553DA-0D1B-4FD7-801D-0CA9DEECAF3E}.Debug|x64.Build.0 = Debug|Any CPU
		{71F553DA-0D1B-4FD7-801D-0CA9DEECAF3E}.Debug|x86.ActiveCfg = Debug|Any CPU
		{71F553DA-0D1B-4FD7-801D-0CA9DEECAF3E}.Debug|x86.Build.0 = Debug|Any CPU
		{71F553DA-0D1B-4FD7-801D-0CA9DEECAF3E}.Release|Any CPU.ActiveCfg = Release|Any CPU
		{71F553DA-0D1B-4FD7-801D-0CA9DEECAF3E}.Release|Any CPU.Build.0 = Release|Any CPU
		{71F553DA-0D1B-4FD7-801D-0CA9DEECAF3E}.Release|ARM.ActiveCfg = Release|Any CPU
		{71F553DA-0D1B-4FD7-801D-0CA9DEECAF3E}.Release|ARM.Build.0 = Release|Any CPU
		{71F553DA-0D1B-4FD7-801D-0CA9DEECAF3E}.Release|x64.ActiveCfg = Release|Any CPU
		{71F553DA-0D1B-4FD7-801D-0CA9DEECAF3E}.Release|x64.Build.0 = Release|Any CPU
		{71F553DA-0D1B-4FD7-801D-0CA9DEECAF3E}.Release|x86.ActiveCfg = Release|Any CPU
		{71F553DA-0D1B-4FD7-801D-0CA9DEECAF3E}.Release|x86.Build.0 = Release|Any CPU
	EndGlobalSection
	GlobalSection(SolutionProperties) = preSolution
		HideSolutionNode = FALSE
	EndGlobalSection
EndGlobal
